// !$*UTF8*$!
{
	archiveVersion = 1;
	classes = {
	};
	objectVersion = 56;
	objects = {

/* Begin PBXBuildFile section */
		18F63DAC2908D9FF00E05828 /* AppDelegate.swift in Sources */ = {isa = PBXBuildFile; fileRef = 18F63DAB2908D9FF00E05828 /* AppDelegate.swift */; };
		18F63DAE2908D9FF00E05828 /* SceneDelegate.swift in Sources */ = {isa = PBXBuildFile; fileRef = 18F63DAD2908D9FF00E05828 /* SceneDelegate.swift */; };
		18F63DB52908DA0100E05828 /* Assets.xcassets in Resources */ = {isa = PBXBuildFile; fileRef = 18F63DB42908DA0100E05828 /* Assets.xcassets */; };
		18F63DB82908DA0100E05828 /* LaunchScreen.storyboard in Resources */ = {isa = PBXBuildFile; fileRef = 18F63DB62908DA0100E05828 /* LaunchScreen.storyboard */; };
		18F63DC12908DA6800E05828 /* RxCocoa in Frameworks */ = {isa = PBXBuildFile; productRef = 18F63DC02908DA6800E05828 /* RxCocoa */; };
		18F63DC32908DA6800E05828 /* RxSwift in Frameworks */ = {isa = PBXBuildFile; productRef = 18F63DC22908DA6800E05828 /* RxSwift */; };
		18F63DC62908DAB000E05828 /* Alamofire in Frameworks */ = {isa = PBXBuildFile; productRef = 18F63DC52908DAB000E05828 /* Alamofire */; };
		18F63DC92908DABC00E05828 /* Kingfisher in Frameworks */ = {isa = PBXBuildFile; productRef = 18F63DC82908DABC00E05828 /* Kingfisher */; };
		18F63DCC2908DAD500E05828 /* APIService.swift in Sources */ = {isa = PBXBuildFile; fileRef = 18F63DCB2908DAD500E05828 /* APIService.swift */; };
		18F63DCE2908DB0A00E05828 /* .gitignore in Resources */ = {isa = PBXBuildFile; fileRef = 18F63DCD2908DB0A00E05828 /* .gitignore */; };
		18F63DD02908DB1A00E05828 /* APIKey.swift in Sources */ = {isa = PBXBuildFile; fileRef = 18F63DCF2908DB1A00E05828 /* APIKey.swift */; };
		18F63DD22908DB8100E05828 /* SearchPhoto.swift in Sources */ = {isa = PBXBuildFile; fileRef = 18F63DD12908DB8100E05828 /* SearchPhoto.swift */; };
		18F63DD42908DC1100E05828 /* CObservable.swift in Sources */ = {isa = PBXBuildFile; fileRef = 18F63DD32908DC1100E05828 /* CObservable.swift */; };
		18F63DD62908E43100E05828 /* RxUnsplashView.swift in Sources */ = {isa = PBXBuildFile; fileRef = 18F63DD52908E43100E05828 /* RxUnsplashView.swift */; };
		18F63DD82908E43E00E05828 /* RxUnsplashViewController.swift in Sources */ = {isa = PBXBuildFile; fileRef = 18F63DD72908E43E00E05828 /* RxUnsplashViewController.swift */; };
		18F63DDC2908E4D000E05828 /* SnapKit in Frameworks */ = {isa = PBXBuildFile; productRef = 18F63DDB2908E4D000E05828 /* SnapKit */; };
		18F63DE12908E55800E05828 /* BaseView.swift in Sources */ = {isa = PBXBuildFile; fileRef = 18F63DE02908E55800E05828 /* BaseView.swift */; };
		18F63DE32908E61C00E05828 /* BaseViewController.swift in Sources */ = {isa = PBXBuildFile; fileRef = 18F63DE22908E61C00E05828 /* BaseViewController.swift */; };
		18F63DE62908E75F00E05828 /* UnsplashViewModel.swift in Sources */ = {isa = PBXBuildFile; fileRef = 18F63DE52908E75F00E05828 /* UnsplashViewModel.swift */; };
		18F63DF5290BE98A00E05828 /* MainView.swift in Sources */ = {isa = PBXBuildFile; fileRef = 18F63DF4290BE98A00E05828 /* MainView.swift */; };
		18F63DF7290BE99300E05828 /* MainViewController.swift in Sources */ = {isa = PBXBuildFile; fileRef = 18F63DF6290BE99300E05828 /* MainViewController.swift */; };
		18F63DFA290BEF0B00E05828 /* MainCustomButtom.swift in Sources */ = {isa = PBXBuildFile; fileRef = 18F63DF9290BEF0B00E05828 /* MainCustomButtom.swift */; };
		18F63E00290BFF6800E05828 /* StoryboardBaseMVC.storyboard in Resources */ = {isa = PBXBuildFile; fileRef = 18F63DFF290BFF6800E05828 /* StoryboardBaseMVC.storyboard */; };
		18F63E02290BFF7700E05828 /* StoryboardBaseMVCViewController.swift in Sources */ = {isa = PBXBuildFile; fileRef = 18F63E01290BFF7700E05828 /* StoryboardBaseMVCViewController.swift */; };
		18F63E0B290C023700E05828 /* StoryboardBaseVC.storyboard in Resources */ = {isa = PBXBuildFile; fileRef = 18F63E0A290C023700E05828 /* StoryboardBaseVC.storyboard */; };
		18F63E0D290C024500E05828 /* StoryboardBaseVCViewController.swift in Sources */ = {isa = PBXBuildFile; fileRef = 18F63E0C290C024500E05828 /* StoryboardBaseVCViewController.swift */; };
		18F63E0F290C02C400E05828 /* CodeBaseVCViewController.swift in Sources */ = {isa = PBXBuildFile; fileRef = 18F63E0E290C02C400E05828 /* CodeBaseVCViewController.swift */; };
		18F63E12290C0B4F00E05828 /* URLSession+Extension.swift in Sources */ = {isa = PBXBuildFile; fileRef = 18F63E11290C0B4F00E05828 /* URLSession+Extension.swift */; };
		18F63E14290C0D8200E05828 /* APIManager.swift in Sources */ = {isa = PBXBuildFile; fileRef = 18F63E13290C0D8200E05828 /* APIManager.swift */; };
		18F63E16290D240C00E05828 /* StoryboardVCCollectionViewCell.swift in Sources */ = {isa = PBXBuildFile; fileRef = 18F63E15290D240C00E05828 /* StoryboardVCCollectionViewCell.swift */; };
/* End PBXBuildFile section */

/* Begin PBXFileReference section */
		18F63DA82908D9FF00E05828 /* SeSAC2UnslplashAPIExample.app */ = {isa = PBXFileReference; explicitFileType = wrapper.application; includeInIndex = 0; path = SeSAC2UnslplashAPIExample.app; sourceTree = BUILT_PRODUCTS_DIR; };
		18F63DAB2908D9FF00E05828 /* AppDelegate.swift */ = {isa = PBXFileReference; lastKnownFileType = sourcecode.swift; path = AppDelegate.swift; sourceTree = "<group>"; };
		18F63DAD2908D9FF00E05828 /* SceneDelegate.swift */ = {isa = PBXFileReference; lastKnownFileType = sourcecode.swift; path = SceneDelegate.swift; sourceTree = "<group>"; };
		18F63DB42908DA0100E05828 /* Assets.xcassets */ = {isa = PBXFileReference; lastKnownFileType = folder.assetcatalog; path = Assets.xcassets; sourceTree = "<group>"; };
		18F63DB72908DA0100E05828 /* Base */ = {isa = PBXFileReference; lastKnownFileType = file.storyboard; name = Base; path = Base.lproj/LaunchScreen.storyboard; sourceTree = "<group>"; };
		18F63DB92908DA0100E05828 /* Info.plist */ = {isa = PBXFileReference; lastKnownFileType = text.plist.xml; path = Info.plist; sourceTree = "<group>"; };
		18F63DCB2908DAD500E05828 /* APIService.swift */ = {isa = PBXFileReference; lastKnownFileType = sourcecode.swift; path = APIService.swift; sourceTree = "<group>"; };
		18F63DCD2908DB0A00E05828 /* .gitignore */ = {isa = PBXFileReference; lastKnownFileType = text; path = .gitignore; sourceTree = "<group>"; };
		18F63DCF2908DB1A00E05828 /* APIKey.swift */ = {isa = PBXFileReference; lastKnownFileType = sourcecode.swift; path = APIKey.swift; sourceTree = "<group>"; };
		18F63DD12908DB8100E05828 /* SearchPhoto.swift */ = {isa = PBXFileReference; lastKnownFileType = sourcecode.swift; path = SearchPhoto.swift; sourceTree = "<group>"; };
		18F63DD32908DC1100E05828 /* CObservable.swift */ = {isa = PBXFileReference; lastKnownFileType = sourcecode.swift; path = CObservable.swift; sourceTree = "<group>"; };
		18F63DD52908E43100E05828 /* RxUnsplashView.swift */ = {isa = PBXFileReference; lastKnownFileType = sourcecode.swift; path = RxUnsplashView.swift; sourceTree = "<group>"; };
		18F63DD72908E43E00E05828 /* RxUnsplashViewController.swift */ = {isa = PBXFileReference; lastKnownFileType = sourcecode.swift; path = RxUnsplashViewController.swift; sourceTree = "<group>"; };
		18F63DE02908E55800E05828 /* BaseView.swift */ = {isa = PBXFileReference; lastKnownFileType = sourcecode.swift; path = BaseView.swift; sourceTree = "<group>"; };
		18F63DE22908E61C00E05828 /* BaseViewController.swift */ = {isa = PBXFileReference; lastKnownFileType = sourcecode.swift; path = BaseViewController.swift; sourceTree = "<group>"; };
		18F63DE52908E75F00E05828 /* UnsplashViewModel.swift */ = {isa = PBXFileReference; lastKnownFileType = sourcecode.swift; path = UnsplashViewModel.swift; sourceTree = "<group>"; };
		18F63DF4290BE98A00E05828 /* MainView.swift */ = {isa = PBXFileReference; lastKnownFileType = sourcecode.swift; path = MainView.swift; sourceTree = "<group>"; };
		18F63DF6290BE99300E05828 /* MainViewController.swift */ = {isa = PBXFileReference; lastKnownFileType = sourcecode.swift; path = MainViewController.swift; sourceTree = "<group>"; };
		18F63DF9290BEF0B00E05828 /* MainCustomButtom.swift */ = {isa = PBXFileReference; lastKnownFileType = sourcecode.swift; path = MainCustomButtom.swift; sourceTree = "<group>"; };
		18F63DFF290BFF6800E05828 /* StoryboardBaseMVC.storyboard */ = {isa = PBXFileReference; lastKnownFileType = file.storyboard; path = StoryboardBaseMVC.storyboard; sourceTree = "<group>"; };
		18F63E01290BFF7700E05828 /* StoryboardBaseMVCViewController.swift */ = {isa = PBXFileReference; lastKnownFileType = sourcecode.swift; path = StoryboardBaseMVCViewController.swift; sourceTree = "<group>"; };
		18F63E0A290C023700E05828 /* StoryboardBaseVC.storyboard */ = {isa = PBXFileReference; lastKnownFileType = file.storyboard; path = StoryboardBaseVC.storyboard; sourceTree = "<group>"; };
		18F63E0C290C024500E05828 /* StoryboardBaseVCViewController.swift */ = {isa = PBXFileReference; lastKnownFileType = sourcecode.swift; path = StoryboardBaseVCViewController.swift; sourceTree = "<group>"; };
		18F63E0E290C02C400E05828 /* CodeBaseVCViewController.swift */ = {isa = PBXFileReference; lastKnownFileType = sourcecode.swift; path = CodeBaseVCViewController.swift; sourceTree = "<group>"; };
		18F63E11290C0B4F00E05828 /* URLSession+Extension.swift */ = {isa = PBXFileReference; lastKnownFileType = sourcecode.swift; path = "URLSession+Extension.swift"; sourceTree = "<group>"; };
		18F63E13290C0D8200E05828 /* APIManager.swift */ = {isa = PBXFileReference; lastKnownFileType = sourcecode.swift; path = APIManager.swift; sourceTree = "<group>"; };
		18F63E15290D240C00E05828 /* StoryboardVCCollectionViewCell.swift */ = {isa = PBXFileReference; lastKnownFileType = sourcecode.swift; path = StoryboardVCCollectionViewCell.swift; sourceTree = "<group>"; };
/* End PBXFileReference section */

/* Begin PBXFrameworksBuildPhase section */
		18F63DA52908D9FF00E05828 /* Frameworks */ = {
			isa = PBXFrameworksBuildPhase;
			buildActionMask = 2147483647;
			files = (
				18F63DC92908DABC00E05828 /* Kingfisher in Frameworks */,
				18F63DC62908DAB000E05828 /* Alamofire in Frameworks */,
				18F63DC32908DA6800E05828 /* RxSwift in Frameworks */,
				18F63DC12908DA6800E05828 /* RxCocoa in Frameworks */,
				18F63DDC2908E4D000E05828 /* SnapKit in Frameworks */,
			);
			runOnlyForDeploymentPostprocessing = 0;
		};
/* End PBXFrameworksBuildPhase section */

/* Begin PBXGroup section */
		18F63D9F2908D9FF00E05828 = {
			isa = PBXGroup;
			children = (
				18F63DCD2908DB0A00E05828 /* .gitignore */,
				18F63DAA2908D9FF00E05828 /* SeSAC2UnslplashAPIExample */,
				18F63DA92908D9FF00E05828 /* Products */,
			);
			sourceTree = "<group>";
		};
		18F63DA92908D9FF00E05828 /* Products */ = {
			isa = PBXGroup;
			children = (
				18F63DA82908D9FF00E05828 /* SeSAC2UnslplashAPIExample.app */,
			);
			name = Products;
			sourceTree = "<group>";
		};
		18F63DAA2908D9FF00E05828 /* SeSAC2UnslplashAPIExample */ = {
			isa = PBXGroup;
			children = (
				18F63DAB2908D9FF00E05828 /* AppDelegate.swift */,
				18F63DAD2908D9FF00E05828 /* SceneDelegate.swift */,
				18F63DE42908E68F00E05828 /* Scene */,
				18F63DDD2908E50B00E05828 /* Resource */,
				18F63DB42908DA0100E05828 /* Assets.xcassets */,
				18F63DB62908DA0100E05828 /* LaunchScreen.storyboard */,
				18F63DB92908DA0100E05828 /* Info.plist */,
				18F63DCF2908DB1A00E05828 /* APIKey.swift */,
			);
			path = SeSAC2UnslplashAPIExample;
			sourceTree = "<group>";
		};
		18F63DDD2908E50B00E05828 /* Resource */ = {
			isa = PBXGroup;
			children = (
				18F63E10290C0B3A00E05828 /* Extension */,
				18F63DDF2908E54000E05828 /* Base */,
				18F63DDE2908E53100E05828 /* API */,
				18F63DD32908DC1100E05828 /* CObservable.swift */,
				18F63DD12908DB8100E05828 /* SearchPhoto.swift */,
			);
			path = Resource;
			sourceTree = "<group>";
		};
		18F63DDE2908E53100E05828 /* API */ = {
			isa = PBXGroup;
			children = (
				18F63DCB2908DAD500E05828 /* APIService.swift */,
				18F63E13290C0D8200E05828 /* APIManager.swift */,
			);
			path = API;
			sourceTree = "<group>";
		};
		18F63DDF2908E54000E05828 /* Base */ = {
			isa = PBXGroup;
			children = (
				18F63DE02908E55800E05828 /* BaseView.swift */,
				18F63DE22908E61C00E05828 /* BaseViewController.swift */,
			);
			path = Base;
			sourceTree = "<group>";
		};
		18F63DE42908E68F00E05828 /* Scene */ = {
			isa = PBXGroup;
			children = (
				18F63DF3290BE97400E05828 /* Main */,
				18F63DF2290BE8D800E05828 /* Model */,
				18F63DF1290BE85600E05828 /* Rx */,
				18F63DF0290BE84E00E05828 /* MVVM */,
				18F63DEF290BE84700E05828 /* MVC */,
				18F63E03290C018400E05828 /* VC */,
			);
			path = Scene;
			sourceTree = "<group>";
		};
		18F63DEF290BE84700E05828 /* MVC */ = {
			isa = PBXGroup;
			children = (
				18F63DFC290BFF2800E05828 /* StoryboardBaseMVC */,
				18F63DFB290BFF2300E05828 /* CodeBaseMVC */,
			);
			path = MVC;
			sourceTree = "<group>";
		};
		18F63DF0290BE84E00E05828 /* MVVM */ = {
			isa = PBXGroup;
			children = (
			);
			path = MVVM;
			sourceTree = "<group>";
		};
		18F63DF1290BE85600E05828 /* Rx */ = {
			isa = PBXGroup;
			children = (
				18F63DD52908E43100E05828 /* RxUnsplashView.swift */,
				18F63DD72908E43E00E05828 /* RxUnsplashViewController.swift */,
			);
			path = Rx;
			sourceTree = "<group>";
		};
		18F63DF2290BE8D800E05828 /* Model */ = {
			isa = PBXGroup;
			children = (
				18F63DE52908E75F00E05828 /* UnsplashViewModel.swift */,
			);
			path = Model;
			sourceTree = "<group>";
		};
		18F63DF3290BE97400E05828 /* Main */ = {
			isa = PBXGroup;
			children = (
				18F63DF8290BEEF400E05828 /* Resource */,
				18F63DF4290BE98A00E05828 /* MainView.swift */,
				18F63DF6290BE99300E05828 /* MainViewController.swift */,
			);
			path = Main;
			sourceTree = "<group>";
		};
		18F63DF8290BEEF400E05828 /* Resource */ = {
			isa = PBXGroup;
			children = (
				18F63DF9290BEF0B00E05828 /* MainCustomButtom.swift */,
			);
			path = Resource;
			sourceTree = "<group>";
		};
		18F63DFB290BFF2300E05828 /* CodeBaseMVC */ = {
			isa = PBXGroup;
			children = (
			);
			path = CodeBaseMVC;
			sourceTree = "<group>";
		};
		18F63DFC290BFF2800E05828 /* StoryboardBaseMVC */ = {
			isa = PBXGroup;
			children = (
				18F63DFF290BFF6800E05828 /* StoryboardBaseMVC.storyboard */,
				18F63E01290BFF7700E05828 /* StoryboardBaseMVCViewController.swift */,
			);
			path = StoryboardBaseMVC;
			sourceTree = "<group>";
		};
		18F63E03290C018400E05828 /* VC */ = {
			isa = PBXGroup;
			children = (
				18F63E04290C01CF00E05828 /* StoryboardBaseVC */,
				18F63E05290C01D600E05828 /* CodeBaseVC */,
			);
			path = VC;
			sourceTree = "<group>";
		};
		18F63E04290C01CF00E05828 /* StoryboardBaseVC */ = {
			isa = PBXGroup;
			children = (
				18F63E0A290C023700E05828 /* StoryboardBaseVC.storyboard */,
				18F63E15290D240C00E05828 /* StoryboardVCCollectionViewCell.swift */,
				18F63E0C290C024500E05828 /* StoryboardBaseVCViewController.swift */,
			);
			path = StoryboardBaseVC;
			sourceTree = "<group>";
		};
		18F63E05290C01D600E05828 /* CodeBaseVC */ = {
			isa = PBXGroup;
			children = (
				18F63E0E290C02C400E05828 /* CodeBaseVCViewController.swift */,
			);
			path = CodeBaseVC;
			sourceTree = "<group>";
		};
		18F63E10290C0B3A00E05828 /* Extension */ = {
			isa = PBXGroup;
			children = (
				18F63E11290C0B4F00E05828 /* URLSession+Extension.swift */,
			);
			path = Extension;
			sourceTree = "<group>";
		};
/* End PBXGroup section */

/* Begin PBXNativeTarget section */
		18F63DA72908D9FF00E05828 /* SeSAC2UnslplashAPIExample */ = {
			isa = PBXNativeTarget;
			buildConfigurationList = 18F63DBC2908DA0100E05828 /* Build configuration list for PBXNativeTarget "SeSAC2UnslplashAPIExample" */;
			buildPhases = (
				18F63DA42908D9FF00E05828 /* Sources */,
				18F63DA52908D9FF00E05828 /* Frameworks */,
				18F63DA62908D9FF00E05828 /* Resources */,
			);
			buildRules = (
			);
			dependencies = (
			);
			name = SeSAC2UnslplashAPIExample;
			packageProductDependencies = (
				18F63DC02908DA6800E05828 /* RxCocoa */,
				18F63DC22908DA6800E05828 /* RxSwift */,
				18F63DC52908DAB000E05828 /* Alamofire */,
				18F63DC82908DABC00E05828 /* Kingfisher */,
				18F63DDB2908E4D000E05828 /* SnapKit */,
			);
			productName = SeSAC2UnslplashAPIExample;
			productReference = 18F63DA82908D9FF00E05828 /* SeSAC2UnslplashAPIExample.app */;
			productType = "com.apple.product-type.application";
		};
/* End PBXNativeTarget section */

/* Begin PBXProject section */
		18F63DA02908D9FF00E05828 /* Project object */ = {
			isa = PBXProject;
			attributes = {
				BuildIndependentTargetsInParallel = 1;
				LastSwiftUpdateCheck = 1400;
				LastUpgradeCheck = 1400;
				TargetAttributes = {
					18F63DA72908D9FF00E05828 = {
						CreatedOnToolsVersion = 14.0.1;
					};
				};
			};
			buildConfigurationList = 18F63DA32908D9FF00E05828 /* Build configuration list for PBXProject "SeSAC2UnslplashAPIExample" */;
			compatibilityVersion = "Xcode 14.0";
			developmentRegion = en;
			hasScannedForEncodings = 0;
			knownRegions = (
				en,
				Base,
			);
			mainGroup = 18F63D9F2908D9FF00E05828;
			packageReferences = (
				18F63DBF2908DA6800E05828 /* XCRemoteSwiftPackageReference "RxSwift" */,
				18F63DC42908DAB000E05828 /* XCRemoteSwiftPackageReference "Alamofire" */,
				18F63DC72908DABC00E05828 /* XCRemoteSwiftPackageReference "Kingfisher" */,
				18F63DDA2908E4D000E05828 /* XCRemoteSwiftPackageReference "SnapKit" */,
			);
			productRefGroup = 18F63DA92908D9FF00E05828 /* Products */;
			projectDirPath = "";
			projectRoot = "";
			targets = (
				18F63DA72908D9FF00E05828 /* SeSAC2UnslplashAPIExample */,
			);
		};
/* End PBXProject section */

/* Begin PBXResourcesBuildPhase section */
		18F63DA62908D9FF00E05828 /* Resources */ = {
			isa = PBXResourcesBuildPhase;
			buildActionMask = 2147483647;
			files = (
				18F63E0B290C023700E05828 /* StoryboardBaseVC.storyboard in Resources */,
				18F63DCE2908DB0A00E05828 /* .gitignore in Resources */,
				18F63E00290BFF6800E05828 /* StoryboardBaseMVC.storyboard in Resources */,
				18F63DB82908DA0100E05828 /* LaunchScreen.storyboard in Resources */,
				18F63DB52908DA0100E05828 /* Assets.xcassets in Resources */,
			);
			runOnlyForDeploymentPostprocessing = 0;
		};
/* End PBXResourcesBuildPhase section */

/* Begin PBXSourcesBuildPhase section */
		18F63DA42908D9FF00E05828 /* Sources */ = {
			isa = PBXSourcesBuildPhase;
			buildActionMask = 2147483647;
			files = (
				18F63DFA290BEF0B00E05828 /* MainCustomButtom.swift in Sources */,
				18F63E16290D240C00E05828 /* StoryboardVCCollectionViewCell.swift in Sources */,
				18F63E14290C0D8200E05828 /* APIManager.swift in Sources */,
				18F63DD42908DC1100E05828 /* CObservable.swift in Sources */,
				18F63DF7290BE99300E05828 /* MainViewController.swift in Sources */,
				18F63DF5290BE98A00E05828 /* MainView.swift in Sources */,
				18F63DE32908E61C00E05828 /* BaseViewController.swift in Sources */,
				18F63DAC2908D9FF00E05828 /* AppDelegate.swift in Sources */,
				18F63E0F290C02C400E05828 /* CodeBaseVCViewController.swift in Sources */,
				18F63DE62908E75F00E05828 /* UnsplashViewModel.swift in Sources */,
				18F63DCC2908DAD500E05828 /* APIService.swift in Sources */,
				18F63DAE2908D9FF00E05828 /* SceneDelegate.swift in Sources */,
				18F63DD82908E43E00E05828 /* RxUnsplashViewController.swift in Sources */,
				18F63E02290BFF7700E05828 /* StoryboardBaseMVCViewController.swift in Sources */,
				18F63E0D290C024500E05828 /* StoryboardBaseVCViewController.swift in Sources */,
				18F63DD22908DB8100E05828 /* SearchPhoto.swift in Sources */,
				18F63E12290C0B4F00E05828 /* URLSession+Extension.swift in Sources */,
				18F63DE12908E55800E05828 /* BaseView.swift in Sources */,
				18F63DD62908E43100E05828 /* RxUnsplashView.swift in Sources */,
				18F63DD02908DB1A00E05828 /* APIKey.swift in Sources */,
			);
			runOnlyForDeploymentPostprocessing = 0;
		};
/* End PBXSourcesBuildPhase section */

/* Begin PBXVariantGroup section */
		18F63DB62908DA0100E05828 /* LaunchScreen.storyboard */ = {
			isa = PBXVariantGroup;
			children = (
				18F63DB72908DA0100E05828 /* Base */,
			);
			name = LaunchScreen.storyboard;
			sourceTree = "<group>";
		};
/* End PBXVariantGroup section */

/* Begin XCBuildConfiguration section */
		18F63DBA2908DA0100E05828 /* Debug */ = {
			isa = XCBuildConfiguration;
			buildSettings = {
				ALWAYS_SEARCH_USER_PATHS = NO;
				CLANG_ANALYZER_NONNULL = YES;
				CLANG_ANALYZER_NUMBER_OBJECT_CONVERSION = YES_AGGRESSIVE;
				CLANG_CXX_LANGUAGE_STANDARD = "gnu++20";
				CLANG_ENABLE_MODULES = YES;
				CLANG_ENABLE_OBJC_ARC = YES;
				CLANG_ENABLE_OBJC_WEAK = YES;
				CLANG_WARN_BLOCK_CAPTURE_AUTORELEASING = YES;
				CLANG_WARN_BOOL_CONVERSION = YES;
				CLANG_WARN_COMMA = YES;
				CLANG_WARN_CONSTANT_CONVERSION = YES;
				CLANG_WARN_DEPRECATED_OBJC_IMPLEMENTATIONS = YES;
				CLANG_WARN_DIRECT_OBJC_ISA_USAGE = YES_ERROR;
				CLANG_WARN_DOCUMENTATION_COMMENTS = YES;
				CLANG_WARN_EMPTY_BODY = YES;
				CLANG_WARN_ENUM_CONVERSION = YES;
				CLANG_WARN_INFINITE_RECURSION = YES;
				CLANG_WARN_INT_CONVERSION = YES;
				CLANG_WARN_NON_LITERAL_NULL_CONVERSION = YES;
				CLANG_WARN_OBJC_IMPLICIT_RETAIN_SELF = YES;
				CLANG_WARN_OBJC_LITERAL_CONVERSION = YES;
				CLANG_WARN_OBJC_ROOT_CLASS = YES_ERROR;
				CLANG_WARN_QUOTED_INCLUDE_IN_FRAMEWORK_HEADER = YES;
				CLANG_WARN_RANGE_LOOP_ANALYSIS = YES;
				CLANG_WARN_STRICT_PROTOTYPES = YES;
				CLANG_WARN_SUSPICIOUS_MOVE = YES;
				CLANG_WARN_UNGUARDED_AVAILABILITY = YES_AGGRESSIVE;
				CLANG_WARN_UNREACHABLE_CODE = YES;
				CLANG_WARN__DUPLICATE_METHOD_MATCH = YES;
				COPY_PHASE_STRIP = NO;
				DEBUG_INFORMATION_FORMAT = dwarf;
				ENABLE_STRICT_OBJC_MSGSEND = YES;
				ENABLE_TESTABILITY = YES;
				GCC_C_LANGUAGE_STANDARD = gnu11;
				GCC_DYNAMIC_NO_PIC = NO;
				GCC_NO_COMMON_BLOCKS = YES;
				GCC_OPTIMIZATION_LEVEL = 0;
				GCC_PREPROCESSOR_DEFINITIONS = (
					"DEBUG=1",
					"$(inherited)",
				);
				GCC_WARN_64_TO_32_BIT_CONVERSION = YES;
				GCC_WARN_ABOUT_RETURN_TYPE = YES_ERROR;
				GCC_WARN_UNDECLARED_SELECTOR = YES;
				GCC_WARN_UNINITIALIZED_AUTOS = YES_AGGRESSIVE;
				GCC_WARN_UNUSED_FUNCTION = YES;
				GCC_WARN_UNUSED_VARIABLE = YES;
				IPHONEOS_DEPLOYMENT_TARGET = 16.0;
				MTL_ENABLE_DEBUG_INFO = INCLUDE_SOURCE;
				MTL_FAST_MATH = YES;
				ONLY_ACTIVE_ARCH = YES;
				SDKROOT = iphoneos;
				SWIFT_ACTIVE_COMPILATION_CONDITIONS = DEBUG;
				SWIFT_OPTIMIZATION_LEVEL = "-Onone";
			};
			name = Debug;
		};
		18F63DBB2908DA0100E05828 /* Release */ = {
			isa = XCBuildConfiguration;
			buildSettings = {
				ALWAYS_SEARCH_USER_PATHS = NO;
				CLANG_ANALYZER_NONNULL = YES;
				CLANG_ANALYZER_NUMBER_OBJECT_CONVERSION = YES_AGGRESSIVE;
				CLANG_CXX_LANGUAGE_STANDARD = "gnu++20";
				CLANG_ENABLE_MODULES = YES;
				CLANG_ENABLE_OBJC_ARC = YES;
				CLANG_ENABLE_OBJC_WEAK = YES;
				CLANG_WARN_BLOCK_CAPTURE_AUTORELEASING = YES;
				CLANG_WARN_BOOL_CONVERSION = YES;
				CLANG_WARN_COMMA = YES;
				CLANG_WARN_CONSTANT_CONVERSION = YES;
				CLANG_WARN_DEPRECATED_OBJC_IMPLEMENTATIONS = YES;
				CLANG_WARN_DIRECT_OBJC_ISA_USAGE = YES_ERROR;
				CLANG_WARN_DOCUMENTATION_COMMENTS = YES;
				CLANG_WARN_EMPTY_BODY = YES;
				CLANG_WARN_ENUM_CONVERSION = YES;
				CLANG_WARN_INFINITE_RECURSION = YES;
				CLANG_WARN_INT_CONVERSION = YES;
				CLANG_WARN_NON_LITERAL_NULL_CONVERSION = YES;
				CLANG_WARN_OBJC_IMPLICIT_RETAIN_SELF = YES;
				CLANG_WARN_OBJC_LITERAL_CONVERSION = YES;
				CLANG_WARN_OBJC_ROOT_CLASS = YES_ERROR;
				CLANG_WARN_QUOTED_INCLUDE_IN_FRAMEWORK_HEADER = YES;
				CLANG_WARN_RANGE_LOOP_ANALYSIS = YES;
				CLANG_WARN_STRICT_PROTOTYPES = YES;
				CLANG_WARN_SUSPICIOUS_MOVE = YES;
				CLANG_WARN_UNGUARDED_AVAILABILITY = YES_AGGRESSIVE;
				CLANG_WARN_UNREACHABLE_CODE = YES;
				CLANG_WARN__DUPLICATE_METHOD_MATCH = YES;
				COPY_PHASE_STRIP = NO;
				DEBUG_INFORMATION_FORMAT = "dwarf-with-dsym";
				ENABLE_NS_ASSERTIONS = NO;
				ENABLE_STRICT_OBJC_MSGSEND = YES;
				GCC_C_LANGUAGE_STANDARD = gnu11;
				GCC_NO_COMMON_BLOCKS = YES;
				GCC_WARN_64_TO_32_BIT_CONVERSION = YES;
				GCC_WARN_ABOUT_RETURN_TYPE = YES_ERROR;
				GCC_WARN_UNDECLARED_SELECTOR = YES;
				GCC_WARN_UNINITIALIZED_AUTOS = YES_AGGRESSIVE;
				GCC_WARN_UNUSED_FUNCTION = YES;
				GCC_WARN_UNUSED_VARIABLE = YES;
				IPHONEOS_DEPLOYMENT_TARGET = 16.0;
				MTL_ENABLE_DEBUG_INFO = NO;
				MTL_FAST_MATH = YES;
				SDKROOT = iphoneos;
				SWIFT_COMPILATION_MODE = wholemodule;
				SWIFT_OPTIMIZATION_LEVEL = "-O";
				VALIDATE_PRODUCT = YES;
			};
			name = Release;
		};
		18F63DBD2908DA0100E05828 /* Debug */ = {
			isa = XCBuildConfiguration;
			buildSettings = {
				ASSETCATALOG_COMPILER_APPICON_NAME = AppIcon;
				ASSETCATALOG_COMPILER_GLOBAL_ACCENT_COLOR_NAME = AccentColor;
				CODE_SIGN_STYLE = Automatic;
				CURRENT_PROJECT_VERSION = 1;
				DEVELOPMENT_TEAM = UT362X937Q;
				GENERATE_INFOPLIST_FILE = YES;
				INFOPLIST_FILE = SeSAC2UnslplashAPIExample/Info.plist;
				INFOPLIST_KEY_UIApplicationSupportsIndirectInputEvents = YES;
				INFOPLIST_KEY_UILaunchStoryboardName = LaunchScreen;
				INFOPLIST_KEY_UIMainStoryboardFile = "";
				INFOPLIST_KEY_UISupportedInterfaceOrientations_iPad = "UIInterfaceOrientationPortrait UIInterfaceOrientationPortraitUpsideDown UIInterfaceOrientationLandscapeLeft UIInterfaceOrientationLandscapeRight";
				INFOPLIST_KEY_UISupportedInterfaceOrientations_iPhone = "UIInterfaceOrientationPortrait UIInterfaceOrientationLandscapeLeft UIInterfaceOrientationLandscapeRight";
				LD_RUNPATH_SEARCH_PATHS = (
					"$(inherited)",
					"@executable_path/Frameworks",
				);
				MARKETING_VERSION = 1.0;
				PRODUCT_BUNDLE_IDENTIFIER = io.github.yyyng2.SeSAC2UnslplashAPIExample;
				PRODUCT_NAME = "$(TARGET_NAME)";
				SWIFT_EMIT_LOC_STRINGS = YES;
				SWIFT_VERSION = 5.0;
				TARGETED_DEVICE_FAMILY = "1,2";
			};
			name = Debug;
		};
		18F63DBE2908DA0100E05828 /* Release */ = {
			isa = XCBuildConfiguration;
			buildSettings = {
				ASSETCATALOG_COMPILER_APPICON_NAME = AppIcon;
				ASSETCATALOG_COMPILER_GLOBAL_ACCENT_COLOR_NAME = AccentColor;
				CODE_SIGN_STYLE = Automatic;
				CURRENT_PROJECT_VERSION = 1;
				DEVELOPMENT_TEAM = UT362X937Q;
				GENERATE_INFOPLIST_FILE = YES;
				INFOPLIST_FILE = SeSAC2UnslplashAPIExample/Info.plist;
				INFOPLIST_KEY_UIApplicationSupportsIndirectInputEvents = YES;
				INFOPLIST_KEY_UILaunchStoryboardName = LaunchScreen;
				INFOPLIST_KEY_UIMainStoryboardFile = "";
				INFOPLIST_KEY_UISupportedInterfaceOrientations_iPad = "UIInterfaceOrientationPortrait UIInterfaceOrientationPortraitUpsideDown UIInterfaceOrientationLandscapeLeft UIInterfaceOrientationLandscapeRight";
				INFOPLIST_KEY_UISupportedInterfaceOrientations_iPhone = "UIInterfaceOrientationPortrait UIInterfaceOrientationLandscapeLeft UIInterfaceOrientationLandscapeRight";
				LD_RUNPATH_SEARCH_PATHS = (
					"$(inherited)",
					"@executable_path/Frameworks",
				);
				MARKETING_VERSION = 1.0;
				PRODUCT_BUNDLE_IDENTIFIER = io.github.yyyng2.SeSAC2UnslplashAPIExample;
				PRODUCT_NAME = "$(TARGET_NAME)";
				SWIFT_EMIT_LOC_STRINGS = YES;
				SWIFT_VERSION = 5.0;
				TARGETED_DEVICE_FAMILY = "1,2";
			};
			name = Release;
		};
/* End XCBuildConfiguration section */

/* Begin XCConfigurationList section */
		18F63DA32908D9FF00E05828 /* Build configuration list for PBXProject "SeSAC2UnslplashAPIExample" */ = {
			isa = XCConfigurationList;
			buildConfigurations = (
				18F63DBA2908DA0100E05828 /* Debug */,
				18F63DBB2908DA0100E05828 /* Release */,
			);
			defaultConfigurationIsVisible = 0;
			defaultConfigurationName = Release;
		};
		18F63DBC2908DA0100E05828 /* Build configuration list for PBXNativeTarget "SeSAC2UnslplashAPIExample" */ = {
			isa = XCConfigurationList;
			buildConfigurations = (
				18F63DBD2908DA0100E05828 /* Debug */,
				18F63DBE2908DA0100E05828 /* Release */,
			);
			defaultConfigurationIsVisible = 0;
			defaultConfigurationName = Release;
		};
/* End XCConfigurationList section */

/* Begin XCRemoteSwiftPackageReference section */
		18F63DBF2908DA6800E05828 /* XCRemoteSwiftPackageReference "RxSwift" */ = {
			isa = XCRemoteSwiftPackageReference;
			repositoryURL = "https://github.com/ReactiveX/RxSwift.git";
			requirement = {
				kind = upToNextMajorVersion;
				minimumVersion = 6.0.0;
			};
		};
		18F63DC42908DAB000E05828 /* XCRemoteSwiftPackageReference "Alamofire" */ = {
			isa = XCRemoteSwiftPackageReference;
			repositoryURL = "https://github.com/Alamofire/Alamofire.git";
			requirement = {
				kind = upToNextMajorVersion;
				minimumVersion = 5.0.0;
			};
		};
		18F63DC72908DABC00E05828 /* XCRemoteSwiftPackageReference "Kingfisher" */ = {
			isa = XCRemoteSwiftPackageReference;
			repositoryURL = "https://github.com/onevcat/Kingfisher.git";
			requirement = {
				kind = upToNextMajorVersion;
				minimumVersion = 7.0.0;
			};
		};
		18F63DDA2908E4D000E05828 /* XCRemoteSwiftPackageReference "SnapKit" */ = {
			isa = XCRemoteSwiftPackageReference;
			repositoryURL = "https://github.com/SnapKit/SnapKit.git";
			requirement = {
				kind = upToNextMajorVersion;
				minimumVersion = 5.0.0;
			};
		};
/* End XCRemoteSwiftPackageReference section */

/* Begin XCSwiftPackageProductDependency section */
		18F63DC02908DA6800E05828 /* RxCocoa */ = {
			isa = XCSwiftPackageProductDependency;
			package = 18F63DBF2908DA6800E05828 /* XCRemoteSwiftPackageReference "RxSwift" */;
			productName = RxCocoa;
		};
		18F63DC22908DA6800E05828 /* RxSwift */ = {
			isa = XCSwiftPackageProductDependency;
			package = 18F63DBF2908DA6800E05828 /* XCRemoteSwiftPackageReference "RxSwift" */;
			productName = RxSwift;
		};
		18F63DC52908DAB000E05828 /* Alamofire */ = {
			isa = XCSwiftPackageProductDependency;
			package = 18F63DC42908DAB000E05828 /* XCRemoteSwiftPackageReference "Alamofire" */;
			productName = Alamofire;
		};
		18F63DC82908DABC00E05828 /* Kingfisher */ = {
			isa = XCSwiftPackageProductDependency;
			package = 18F63DC72908DABC00E05828 /* XCRemoteSwiftPackageReference "Kingfisher" */;
			productName = Kingfisher;
		};
		18F63DDB2908E4D000E05828 /* SnapKit */ = {
			isa = XCSwiftPackageProductDependency;
			package = 18F63DDA2908E4D000E05828 /* XCRemoteSwiftPackageReference "SnapKit" */;
			productName = SnapKit;
		};
/* End XCSwiftPackageProductDependency section */
	};
	rootObject = 18F63DA02908D9FF00E05828 /* Project object */;
}
